
Microsoft Visual Studio Solution File, Format Version 12.00
# Visual Studio 2012
Project("{FAE04EC0-301F-11D3-BF4B-00C04F79EFBC}") = "AldBackPropagation", "AldBackPropagation\AldBackPropagation.csproj", "{9686D786-B0E8-4E34-8A95-F758E766D22C}"
EndProject
Project("{FAE04EC0-301F-11D3-BF4B-00C04F79EFBC}") = "TestAldBackPropagation", "TestAldBackPropagation\TestAldBackPropagation.csproj", "{574CAD73-3EEF-4F9D-9B0A-76AB10A5F6B9}"
EndProject
Project("{FAE04EC0-301F-11D3-BF4B-00C04F79EFBC}") = "AldExtraControls", "..\AldExtraControls\AldExtraControls\AldExtraControls.csproj", "{AB2DEB0A-9A8C-452E-8668-9A24FFD4BD54}"
EndProject
Global
	GlobalSection(SolutionConfigurationPlatforms) = preSolution
		Debug|Any CPU = Debug|Any CPU
		Release|Any CPU = Release|Any CPU
	EndGlobalSection
	GlobalSection(ProjectConfigurationPlatforms) = postSolution
		{9686D786-B0E8-4E34-8A95-F758E766D22C}.Debug|Any CPU.ActiveCfg = Debug|Any CPU
		{9686D786-B0E8-4E34-8A95-F758E766D22C}.Debug|Any CPU.Build.0 = Debug|Any CPU
		{9686D786-B0E8-4E34-8A95-F758E766D22C}.Release|Any CPU.ActiveCfg = Release|Any CPU
		{9686D786-B0E8-4E34-8A95-F758E766D22C}.Release|Any CPU.Build.0 = Release|Any CPU
		{574CAD73-3EEF-4F9D-9B0A-76AB10A5F6B9}.Debug|Any CPU.ActiveCfg = Debug|Any CPU
		{574CAD73-3EEF-4F9D-9B0A-76AB10A5F6B9}.Debug|Any CPU.Build.0 = Debug|Any CPU
		{574CAD73-3EEF-4F9D-9B0A-76AB10A5F6B9}.Release|Any CPU.ActiveCfg = Release|Any CPU
		{574CAD73-3EEF-4F9D-9B0A-76AB10A5F6B9}.Release|Any CPU.Build.0 = Release|Any CPU
		{AB2DEB0A-9A8C-452E-8668-9A24FFD4BD54}.Debug|Any CPU.ActiveCfg = Debug|Any CPU
		{AB2DEB0A-9A8C-452E-8668-9A24FFD4BD54}.Debug|Any CPU.Build.0 = Debug|Any CPU
		{AB2DEB0A-9A8C-452E-8668-9A24FFD4BD54}.Release|Any CPU.ActiveCfg = Release|Any CPU
		{AB2DEB0A-9A8C-452E-8668-9A24FFD4BD54}.Release|Any CPU.Build.0 = Release|Any CPU
	EndGlobalSection
	GlobalSection(SolutionProperties) = preSolution
		HideSolutionNode = FALSE
	EndGlobalSection
EndGlobal
