
Microsoft Visual Studio Solution File, Format Version 12.00
# Visual Studio 2013
VisualStudioVersion = 12.0.40629.0
MinimumVisualStudioVersion = 10.0.40219.1
Project("{FAE04EC0-301F-11D3-BF4B-00C04F79EFBC}") = "TsRecorder", "TsRecorder\TsRecorder.csproj", "{33C07B09-08FF-4082-A8AE-4C6CC57702BB}"
EndProject
Project("{FAE04EC0-301F-11D3-BF4B-00C04F79EFBC}") = "AldSpecialAlgorithms", "..\..\MyModules\AldSpecialAlgorithms\AldSpecialAlgorithms\AldSpecialAlgorithms.csproj", "{6DDD9911-26B7-4948-BDB9-47ED3A939D5A}"
EndProject
Project("{FAE04EC0-301F-11D3-BF4B-00C04F79EFBC}") = "AldWavDisplayTools", "..\..\MyModules\AldWavDisplayTools\AldWavDisplayTools.csproj", "{6E660BE6-34A5-41D6-84D5-5E90BA6939BD}"
EndProject
Project("{FAE04EC0-301F-11D3-BF4B-00C04F79EFBC}") = "TsExtraControls", "..\..\MyModules\TsExtraControls\TsExtraControls.csproj", "{DB973689-E661-4573-86E5-C0437B9E4E6D}"
EndProject
Project("{FAE04EC0-301F-11D3-BF4B-00C04F79EFBC}") = "TsFFTFramework", "..\..\MyModules\AldCUDA\AldCUDA\TsFFTFramework.csproj", "{5A053189-A811-4EFE-83FE-96FC30914738}"
EndProject
Project("{FAE04EC0-301F-11D3-BF4B-00C04F79EFBC}") = "TsFilesTools", "..\..\MyModules\TsFilesTools\TsFilesTools.csproj", "{082D77F5-F64F-413A-B1F0-E9BA91D3EF19}"
EndProject
Project("{2150E333-8FDC-42A3-9474-1A3956D46DE8}") = "Native", "Native", "{AC524659-B137-484A-9061-E072C819029E}"
EndProject
Project("{8BC9CEB8-8B4A-11D0-8D11-00A0C91BC942}") = "TsCudaDll", "..\..\MyModules\TsCudaDll\TsCudaDll\TsCudaDll.vcxproj", "{9189472A-18C1-4717-B8AD-E913FA05EBAA}"
EndProject
Project("{8BC9CEB8-8B4A-11D0-8D11-00A0C91BC942}") = "TsFFTWDll", "..\..\MyModules\TsFFTWDll\TsFFTWDll\TsFFTWDll.vcxproj", "{09D47D1B-488B-4073-AA4A-0693D10F5D53}"
EndProject
Global
	GlobalSection(SolutionConfigurationPlatforms) = preSolution
		Debug|Any CPU = Debug|Any CPU
		Debug|Mixed Platforms = Debug|Mixed Platforms
		Debug|Win32 = Debug|Win32
		Debug|x64 = Debug|x64
		Release|Any CPU = Release|Any CPU
		Release|Mixed Platforms = Release|Mixed Platforms
		Release|Win32 = Release|Win32
		Release|x64 = Release|x64
	EndGlobalSection
	GlobalSection(ProjectConfigurationPlatforms) = postSolution
		{33C07B09-08FF-4082-A8AE-4C6CC57702BB}.Debug|Any CPU.ActiveCfg = Debug|Any CPU
		{33C07B09-08FF-4082-A8AE-4C6CC57702BB}.Debug|Any CPU.Build.0 = Debug|Any CPU
		{33C07B09-08FF-4082-A8AE-4C6CC57702BB}.Debug|Mixed Platforms.ActiveCfg = Debug|Any CPU
		{33C07B09-08FF-4082-A8AE-4C6CC57702BB}.Debug|Mixed Platforms.Build.0 = Debug|Any CPU
		{33C07B09-08FF-4082-A8AE-4C6CC57702BB}.Debug|Win32.ActiveCfg = Debug|Any CPU
		{33C07B09-08FF-4082-A8AE-4C6CC57702BB}.Debug|x64.ActiveCfg = Debug|Any CPU
		{33C07B09-08FF-4082-A8AE-4C6CC57702BB}.Release|Any CPU.ActiveCfg = Release|Any CPU
		{33C07B09-08FF-4082-A8AE-4C6CC57702BB}.Release|Any CPU.Build.0 = Release|Any CPU
		{33C07B09-08FF-4082-A8AE-4C6CC57702BB}.Release|Mixed Platforms.ActiveCfg = Release|Any CPU
		{33C07B09-08FF-4082-A8AE-4C6CC57702BB}.Release|Mixed Platforms.Build.0 = Release|Any CPU
		{33C07B09-08FF-4082-A8AE-4C6CC57702BB}.Release|Win32.ActiveCfg = Release|Any CPU
		{33C07B09-08FF-4082-A8AE-4C6CC57702BB}.Release|x64.ActiveCfg = Release|Any CPU
		{6DDD9911-26B7-4948-BDB9-47ED3A939D5A}.Debug|Any CPU.ActiveCfg = Debug|Any CPU
		{6DDD9911-26B7-4948-BDB9-47ED3A939D5A}.Debug|Any CPU.Build.0 = Debug|Any CPU
		{6DDD9911-26B7-4948-BDB9-47ED3A939D5A}.Debug|Mixed Platforms.ActiveCfg = Debug|Any CPU
		{6DDD9911-26B7-4948-BDB9-47ED3A939D5A}.Debug|Mixed Platforms.Build.0 = Debug|Any CPU
		{6DDD9911-26B7-4948-BDB9-47ED3A939D5A}.Debug|Win32.ActiveCfg = Debug|Any CPU
		{6DDD9911-26B7-4948-BDB9-47ED3A939D5A}.Debug|x64.ActiveCfg = Debug|Any CPU
		{6DDD9911-26B7-4948-BDB9-47ED3A939D5A}.Release|Any CPU.ActiveCfg = Release|Any CPU
		{6DDD9911-26B7-4948-BDB9-47ED3A939D5A}.Release|Any CPU.Build.0 = Release|Any CPU
		{6DDD9911-26B7-4948-BDB9-47ED3A939D5A}.Release|Mixed Platforms.ActiveCfg = Release|Any CPU
		{6DDD9911-26B7-4948-BDB9-47ED3A939D5A}.Release|Mixed Platforms.Build.0 = Release|Any CPU
		{6DDD9911-26B7-4948-BDB9-47ED3A939D5A}.Release|Win32.ActiveCfg = Release|Any CPU
		{6DDD9911-26B7-4948-BDB9-47ED3A939D5A}.Release|x64.ActiveCfg = Release|Any CPU
		{6E660BE6-34A5-41D6-84D5-5E90BA6939BD}.Debug|Any CPU.ActiveCfg = Debug|Any CPU
		{6E660BE6-34A5-41D6-84D5-5E90BA6939BD}.Debug|Any CPU.Build.0 = Debug|Any CPU
		{6E660BE6-34A5-41D6-84D5-5E90BA6939BD}.Debug|Mixed Platforms.ActiveCfg = Debug|Any CPU
		{6E660BE6-34A5-41D6-84D5-5E90BA6939BD}.Debug|Mixed Platforms.Build.0 = Debug|Any CPU
		{6E660BE6-34A5-41D6-84D5-5E90BA6939BD}.Debug|Win32.ActiveCfg = Debug|Any CPU
		{6E660BE6-34A5-41D6-84D5-5E90BA6939BD}.Debug|x64.ActiveCfg = Debug|Any CPU
		{6E660BE6-34A5-41D6-84D5-5E90BA6939BD}.Release|Any CPU.ActiveCfg = Release|Any CPU
		{6E660BE6-34A5-41D6-84D5-5E90BA6939BD}.Release|Any CPU.Build.0 = Release|Any CPU
		{6E660BE6-34A5-41D6-84D5-5E90BA6939BD}.Release|Mixed Platforms.ActiveCfg = Release|Any CPU
		{6E660BE6-34A5-41D6-84D5-5E90BA6939BD}.Release|Mixed Platforms.Build.0 = Release|Any CPU
		{6E660BE6-34A5-41D6-84D5-5E90BA6939BD}.Release|Win32.ActiveCfg = Release|Any CPU
		{6E660BE6-34A5-41D6-84D5-5E90BA6939BD}.Release|x64.ActiveCfg = Release|Any CPU
		{DB973689-E661-4573-86E5-C0437B9E4E6D}.Debug|Any CPU.ActiveCfg = Debug|Any CPU
		{DB973689-E661-4573-86E5-C0437B9E4E6D}.Debug|Any CPU.Build.0 = Debug|Any CPU
		{DB973689-E661-4573-86E5-C0437B9E4E6D}.Debug|Mixed Platforms.ActiveCfg = Debug|Any CPU
		{DB973689-E661-4573-86E5-C0437B9E4E6D}.Debug|Mixed Platforms.Build.0 = Debug|Any CPU
		{DB973689-E661-4573-86E5-C0437B9E4E6D}.Debug|Win32.ActiveCfg = Debug|Any CPU
		{DB973689-E661-4573-86E5-C0437B9E4E6D}.Debug|x64.ActiveCfg = Debug|Any CPU
		{DB973689-E661-4573-86E5-C0437B9E4E6D}.Release|Any CPU.ActiveCfg = Release|Any CPU
		{DB973689-E661-4573-86E5-C0437B9E4E6D}.Release|Any CPU.Build.0 = Release|Any CPU
		{DB973689-E661-4573-86E5-C0437B9E4E6D}.Release|Mixed Platforms.ActiveCfg = Release|Any CPU
		{DB973689-E661-4573-86E5-C0437B9E4E6D}.Release|Mixed Platforms.Build.0 = Release|Any CPU
		{DB973689-E661-4573-86E5-C0437B9E4E6D}.Release|Win32.ActiveCfg = Release|Any CPU
		{DB973689-E661-4573-86E5-C0437B9E4E6D}.Release|x64.ActiveCfg = Release|Any CPU
		{5A053189-A811-4EFE-83FE-96FC30914738}.Debug|Any CPU.ActiveCfg = Debug|Any CPU
		{5A053189-A811-4EFE-83FE-96FC30914738}.Debug|Any CPU.Build.0 = Debug|Any CPU
		{5A053189-A811-4EFE-83FE-96FC30914738}.Debug|Mixed Platforms.ActiveCfg = Debug|Any CPU
		{5A053189-A811-4EFE-83FE-96FC30914738}.Debug|Mixed Platforms.Build.0 = Debug|Any CPU
		{5A053189-A811-4EFE-83FE-96FC30914738}.Debug|Win32.ActiveCfg = Debug|Any CPU
		{5A053189-A811-4EFE-83FE-96FC30914738}.Debug|x64.ActiveCfg = Debug|Any CPU
		{5A053189-A811-4EFE-83FE-96FC30914738}.Release|Any CPU.ActiveCfg = Release|Any CPU
		{5A053189-A811-4EFE-83FE-96FC30914738}.Release|Any CPU.Build.0 = Release|Any CPU
		{5A053189-A811-4EFE-83FE-96FC30914738}.Release|Mixed Platforms.ActiveCfg = Release|Any CPU
		{5A053189-A811-4EFE-83FE-96FC30914738}.Release|Mixed Platforms.Build.0 = Release|Any CPU
		{5A053189-A811-4EFE-83FE-96FC30914738}.Release|Win32.ActiveCfg = Release|Any CPU
		{5A053189-A811-4EFE-83FE-96FC30914738}.Release|x64.ActiveCfg = Release|Any CPU
		{082D77F5-F64F-413A-B1F0-E9BA91D3EF19}.Debug|Any CPU.ActiveCfg = Debug|Any CPU
		{082D77F5-F64F-413A-B1F0-E9BA91D3EF19}.Debug|Any CPU.Build.0 = Debug|Any CPU
		{082D77F5-F64F-413A-B1F0-E9BA91D3EF19}.Debug|Mixed Platforms.ActiveCfg = Debug|Any CPU
		{082D77F5-F64F-413A-B1F0-E9BA91D3EF19}.Debug|Mixed Platforms.Build.0 = Debug|Any CPU
		{082D77F5-F64F-413A-B1F0-E9BA91D3EF19}.Debug|Win32.ActiveCfg = Debug|Any CPU
		{082D77F5-F64F-413A-B1F0-E9BA91D3EF19}.Debug|x64.ActiveCfg = Debug|Any CPU
		{082D77F5-F64F-413A-B1F0-E9BA91D3EF19}.Release|Any CPU.ActiveCfg = Release|Any CPU
		{082D77F5-F64F-413A-B1F0-E9BA91D3EF19}.Release|Any CPU.Build.0 = Release|Any CPU
		{082D77F5-F64F-413A-B1F0-E9BA91D3EF19}.Release|Mixed Platforms.ActiveCfg = Release|Any CPU
		{082D77F5-F64F-413A-B1F0-E9BA91D3EF19}.Release|Mixed Platforms.Build.0 = Release|Any CPU
		{082D77F5-F64F-413A-B1F0-E9BA91D3EF19}.Release|Win32.ActiveCfg = Release|Any CPU
		{082D77F5-F64F-413A-B1F0-E9BA91D3EF19}.Release|x64.ActiveCfg = Release|Any CPU
		{9189472A-18C1-4717-B8AD-E913FA05EBAA}.Debug|Any CPU.ActiveCfg = Debug|Win32
		{9189472A-18C1-4717-B8AD-E913FA05EBAA}.Debug|Mixed Platforms.ActiveCfg = Debug|Win32
		{9189472A-18C1-4717-B8AD-E913FA05EBAA}.Debug|Mixed Platforms.Build.0 = Debug|Win32
		{9189472A-18C1-4717-B8AD-E913FA05EBAA}.Debug|Win32.ActiveCfg = Debug|Win32
		{9189472A-18C1-4717-B8AD-E913FA05EBAA}.Debug|Win32.Build.0 = Debug|Win32
		{9189472A-18C1-4717-B8AD-E913FA05EBAA}.Debug|x64.ActiveCfg = Debug|x64
		{9189472A-18C1-4717-B8AD-E913FA05EBAA}.Debug|x64.Build.0 = Debug|x64
		{9189472A-18C1-4717-B8AD-E913FA05EBAA}.Release|Any CPU.ActiveCfg = Release|Win32
		{9189472A-18C1-4717-B8AD-E913FA05EBAA}.Release|Mixed Platforms.ActiveCfg = Release|Win32
		{9189472A-18C1-4717-B8AD-E913FA05EBAA}.Release|Mixed Platforms.Build.0 = Release|Win32
		{9189472A-18C1-4717-B8AD-E913FA05EBAA}.Release|Win32.ActiveCfg = Release|Win32
		{9189472A-18C1-4717-B8AD-E913FA05EBAA}.Release|Win32.Build.0 = Release|Win32
		{9189472A-18C1-4717-B8AD-E913FA05EBAA}.Release|x64.ActiveCfg = Release|x64
		{9189472A-18C1-4717-B8AD-E913FA05EBAA}.Release|x64.Build.0 = Release|x64
		{09D47D1B-488B-4073-AA4A-0693D10F5D53}.Debug|Any CPU.ActiveCfg = Debug|Win32
		{09D47D1B-488B-4073-AA4A-0693D10F5D53}.Debug|Mixed Platforms.ActiveCfg = Debug|Win32
		{09D47D1B-488B-4073-AA4A-0693D10F5D53}.Debug|Mixed Platforms.Build.0 = Debug|Win32
		{09D47D1B-488B-4073-AA4A-0693D10F5D53}.Debug|Win32.ActiveCfg = Debug|Win32
		{09D47D1B-488B-4073-AA4A-0693D10F5D53}.Debug|Win32.Build.0 = Debug|Win32
		{09D47D1B-488B-4073-AA4A-0693D10F5D53}.Debug|x64.ActiveCfg = Debug|Win32
		{09D47D1B-488B-4073-AA4A-0693D10F5D53}.Release|Any CPU.ActiveCfg = Release|Win32
		{09D47D1B-488B-4073-AA4A-0693D10F5D53}.Release|Mixed Platforms.ActiveCfg = Release|Win32
		{09D47D1B-488B-4073-AA4A-0693D10F5D53}.Release|Mixed Platforms.Build.0 = Release|Win32
		{09D47D1B-488B-4073-AA4A-0693D10F5D53}.Release|Win32.ActiveCfg = Release|Win32
		{09D47D1B-488B-4073-AA4A-0693D10F5D53}.Release|Win32.Build.0 = Release|Win32
		{09D47D1B-488B-4073-AA4A-0693D10F5D53}.Release|x64.ActiveCfg = Release|Win32
	EndGlobalSection
	GlobalSection(SolutionProperties) = preSolution
		HideSolutionNode = FALSE
	EndGlobalSection
	GlobalSection(NestedProjects) = preSolution
		{9189472A-18C1-4717-B8AD-E913FA05EBAA} = {AC524659-B137-484A-9061-E072C819029E}
		{09D47D1B-488B-4073-AA4A-0693D10F5D53} = {AC524659-B137-484A-9061-E072C819029E}
	EndGlobalSection
EndGlobal
