
Microsoft Visual Studio Solution File, Format Version 12.00
# Visual Studio 2012
Project("{8BC9CEB8-8B4A-11D0-8D11-00A0C91BC942}") = "TsOpenCVANN", "TsOpenCVANN\TsOpenCVANN.vcxproj", "{849B4A25-BC2E-4F0F-8757-04FCEBAB7DAA}"
EndProject
Global
	GlobalSection(SolutionConfigurationPlatforms) = preSolution
		Debug|Win32 = Debug|Win32
		Release|Win32 = Release|Win32
	EndGlobalSection
	GlobalSection(ProjectConfigurationPlatforms) = postSolution
		{849B4A25-BC2E-4F0F-8757-04FCEBAB7DAA}.Debug|Win32.ActiveCfg = Debug|Win32
		{849B4A25-BC2E-4F0F-8757-04FCEBAB7DAA}.Debug|Win32.Build.0 = Debug|Win32
		{849B4A25-BC2E-4F0F-8757-04FCEBAB7DAA}.Release|Win32.ActiveCfg = Release|Win32
		{849B4A25-BC2E-4F0F-8757-04FCEBAB7DAA}.Release|Win32.Build.0 = Release|Win32
	EndGlobalSection
	GlobalSection(SolutionProperties) = preSolution
		HideSolutionNode = FALSE
	EndGlobalSection
EndGlobal
